
Microsoft Visual Studio Solution File, Format Version 12.00
# Visual Studio 15
VisualStudioVersion = 15.0.26730.10
MinimumVisualStudioVersion = 10.0.40219.1
Project("{9A19103F-16F7-4668-BE54-9A1E7A4F7556}") = "Visma.net", "Visma.net\Visma.net.csproj", "{2486A884-F92B-4117-9A37-00F4DF67C451}"
EndProject
Project("{2150E333-8FDC-42A3-9474-1A3956D46DE8}") = "Solution Items", "Solution Items", "{2125312D-9F7D-4581-9E51-EB6D046B5029}"
	ProjectSection(SolutionItems) = preProject
		README.md = README.md
	EndProjectSection
EndProject
Project("{2150E333-8FDC-42A3-9474-1A3956D46DE8}") = ".nuget", ".nuget", "{CAE6FE30-470C-4B88-97E9-C6510356C4BF}"
	ProjectSection(SolutionItems) = preProject
		.nuget\NuGet.Config = .nuget\NuGet.Config
		.nuget\NuGet.exe = .nuget\NuGet.exe
		.nuget\NuGet.targets = .nuget\NuGet.targets
	EndProjectSection
EndProject
Global
	GlobalSection(SolutionConfigurationPlatforms) = preSolution
		Debug|Any CPU = Debug|Any CPU
		Release|Any CPU = Release|Any CPU
	EndGlobalSection
	GlobalSection(ProjectConfigurationPlatforms) = postSolution
		{2486A884-F92B-4117-9A37-00F4DF67C451}.Debug|Any CPU.ActiveCfg = Debug|Any CPU
		{2486A884-F92B-4117-9A37-00F4DF67C451}.Debug|Any CPU.Build.0 = Debug|Any CPU
		{2486A884-F92B-4117-9A37-00F4DF67C451}.Release|Any CPU.ActiveCfg = Release|Any CPU
		{2486A884-F92B-4117-9A37-00F4DF67C451}.Release|Any CPU.Build.0 = Release|Any CPU
	EndGlobalSection
	GlobalSection(SolutionProperties) = preSolution
		HideSolutionNode = FALSE
	EndGlobalSection
	GlobalSection(ExtensibilityGlobals) = postSolution
		SolutionGuid = {6890756F-181F-4837-9DD9-07700A9E0398}
	EndGlobalSection
EndGlobal
